
Microsoft Visual Studio Solution File, Format Version 12.00
# Visual Studio Version 17
VisualStudioVersion = 17.8.34330.188
MinimumVisualStudioVersion = 10.0.40219.1
Project("{FAE04EC0-301F-11D3-BF4B-00C04F79EFBC}") = "IntroductionToDOTNET", "IntroductionToDOTNET\IntroductionToDOTNET.csproj", "{D8A1714C-BB02-40E0-B41C-C367A3E0ED1D}"
EndProject
Project("{FAE04EC0-301F-11D3-BF4B-00C04F79EFBC}") = "DataTypes", "DataTypes\DataTypes.csproj", "{BBF02616-F091-42DB-BE53-DF9EEC183000}"
EndProject
Project("{FAE04EC0-301F-11D3-BF4B-00C04F79EFBC}") = "Geometry", "Geometry\Geometry.csproj", "{ED4C1FC3-6A8F-43AC-8EF6-B050D4225CFD}"
EndProject
Project("{FAE04EC0-301F-11D3-BF4B-00C04F79EFBC}") = "Factorial", "Factorial\Factorial.csproj", "{41AD46C5-DF65-469E-B976-64CBBB47FF7C}"
EndProject
Project("{FAE04EC0-301F-11D3-BF4B-00C04F79EFBC}") = "Game", "Game\Game.csproj", "{B58C8BBF-158C-40B3-826A-49D4022DF6C6}"
EndProject
Project("{FAE04EC0-301F-11D3-BF4B-00C04F79EFBC}") = "Simple_calculator", "Simple_calculator\Simple_calculator.csproj", "{A6B70297-5150-46E7-99BB-9FF1F02C23AC}"
EndProject
Global
	GlobalSection(SolutionConfigurationPlatforms) = preSolution
		Debug|Any CPU = Debug|Any CPU
		Release|Any CPU = Release|Any CPU
	EndGlobalSection
	GlobalSection(ProjectConfigurationPlatforms) = postSolution
		{D8A1714C-BB02-40E0-B41C-C367A3E0ED1D}.Debug|Any CPU.ActiveCfg = Debug|Any CPU
		{D8A1714C-BB02-40E0-B41C-C367A3E0ED1D}.Debug|Any CPU.Build.0 = Debug|Any CPU
		{D8A1714C-BB02-40E0-B41C-C367A3E0ED1D}.Release|Any CPU.ActiveCfg = Release|Any CPU
		{D8A1714C-BB02-40E0-B41C-C367A3E0ED1D}.Release|Any CPU.Build.0 = Release|Any CPU
		{BBF02616-F091-42DB-BE53-DF9EEC183000}.Debug|Any CPU.ActiveCfg = Debug|Any CPU
		{BBF02616-F091-42DB-BE53-DF9EEC183000}.Debug|Any CPU.Build.0 = Debug|Any CPU
		{BBF02616-F091-42DB-BE53-DF9EEC183000}.Release|Any CPU.ActiveCfg = Release|Any CPU
		{BBF02616-F091-42DB-BE53-DF9EEC183000}.Release|Any CPU.Build.0 = Release|Any CPU
		{ED4C1FC3-6A8F-43AC-8EF6-B050D4225CFD}.Debug|Any CPU.ActiveCfg = Debug|Any CPU
		{ED4C1FC3-6A8F-43AC-8EF6-B050D4225CFD}.Debug|Any CPU.Build.0 = Debug|Any CPU
		{ED4C1FC3-6A8F-43AC-8EF6-B050D4225CFD}.Release|Any CPU.ActiveCfg = Release|Any CPU
		{ED4C1FC3-6A8F-43AC-8EF6-B050D4225CFD}.Release|Any CPU.Build.0 = Release|Any CPU
		{41AD46C5-DF65-469E-B976-64CBBB47FF7C}.Debug|Any CPU.ActiveCfg = Debug|Any CPU
		{41AD46C5-DF65-469E-B976-64CBBB47FF7C}.Debug|Any CPU.Build.0 = Debug|Any CPU
		{41AD46C5-DF65-469E-B976-64CBBB47FF7C}.Release|Any CPU.ActiveCfg = Release|Any CPU
		{41AD46C5-DF65-469E-B976-64CBBB47FF7C}.Release|Any CPU.Build.0 = Release|Any CPU
		{B58C8BBF-158C-40B3-826A-49D4022DF6C6}.Debug|Any CPU.ActiveCfg = Debug|Any CPU
		{B58C8BBF-158C-40B3-826A-49D4022DF6C6}.Debug|Any CPU.Build.0 = Debug|Any CPU
		{B58C8BBF-158C-40B3-826A-49D4022DF6C6}.Release|Any CPU.ActiveCfg = Release|Any CPU
		{B58C8BBF-158C-40B3-826A-49D4022DF6C6}.Release|Any CPU.Build.0 = Release|Any CPU
		{A6B70297-5150-46E7-99BB-9FF1F02C23AC}.Debug|Any CPU.ActiveCfg = Debug|Any CPU
		{A6B70297-5150-46E7-99BB-9FF1F02C23AC}.Debug|Any CPU.Build.0 = Debug|Any CPU
		{A6B70297-5150-46E7-99BB-9FF1F02C23AC}.Release|Any CPU.ActiveCfg = Release|Any CPU
		{A6B70297-5150-46E7-99BB-9FF1F02C23AC}.Release|Any CPU.Build.0 = Release|Any CPU
	EndGlobalSection
	GlobalSection(SolutionProperties) = preSolution
		HideSolutionNode = FALSE
	EndGlobalSection
	GlobalSection(ExtensibilityGlobals) = postSolution
		SolutionGuid = {1D73EF37-2CC3-4D53-8A0F-F2FB121DF7A3}
	EndGlobalSection
EndGlobal
